// !$*UTF8*$!
{
	archiveVersion = 1;
	classes = {
	};
	objectVersion = 46;
	objects = {

/* Begin PBXBuildFile section */
		8F7CEB9B1CE9AFCD00D6CCBA /* Flamingo.h in Headers */ = {isa = PBXBuildFile; fileRef = 8F7CEB9A1CE9AFCD00D6CCBA /* Flamingo.h */; settings = {ATTRIBUTES = (Public, ); }; };
		9442635E204B99360053B7F7 /* OfflineCacheManager.swift in Sources */ = {isa = PBXBuildFile; fileRef = 9442635D204B99360053B7F7 /* OfflineCacheManager.swift */; };
		94426360204B9C0B0053B7F7 /* OfflineCacheManagerTests.swift in Sources */ = {isa = PBXBuildFile; fileRef = 9442635F204B9C0B0053B7F7 /* OfflineCacheManagerTests.swift */; };
		9451028120487652006E9070 /* lintRules.yml in Resources */ = {isa = PBXBuildFile; fileRef = 9451028020487652006E9070 /* lintRules.yml */; };
		94650F77204429A20003C8B9 /* Fastfile in Resources */ = {isa = PBXBuildFile; fileRef = 94650F76204429A20003C8B9 /* Fastfile */; };
		9482F3AA2028EFE400812758 /* CodableExtensions.swift in Sources */ = {isa = PBXBuildFile; fileRef = 9482F3A72028EFE400812758 /* CodableExtensions.swift */; };
		9482F3AB2028EFE400812758 /* RegexCodeableTransformer.swift in Sources */ = {isa = PBXBuildFile; fileRef = 9482F3A82028EFE400812758 /* RegexCodeableTransformer.swift */; };
		9482F3AC2028EFE400812758 /* DecodingContainerTransformer.swift in Sources */ = {isa = PBXBuildFile; fileRef = 9482F3A92028EFE400812758 /* DecodingContainerTransformer.swift */; };
		9488CB04201782F300D7151D /* NetworkClientReporter.swift in Sources */ = {isa = PBXBuildFile; fileRef = 9488CB03201782F300D7151D /* NetworkClientReporter.swift */; };
		9488CB062017837600D7151D /* Observers.swift in Sources */ = {isa = PBXBuildFile; fileRef = 9488CB052017837600D7151D /* Observers.swift */; };
		9488CB082017963900D7151D /* NetworkClientReporterCallTests.swift in Sources */ = {isa = PBXBuildFile; fileRef = 9488CB072017963900D7151D /* NetworkClientReporterCallTests.swift */; };
		9488CB0A2017995000D7151D /* NetworkClientMutater.swift in Sources */ = {isa = PBXBuildFile; fileRef = 9488CB092017995000D7151D /* NetworkClientMutater.swift */; };
		9488CB0E201889EB00D7151D /* RealRequestsTests.swift in Sources */ = {isa = PBXBuildFile; fileRef = 9488CB0D201889EB00D7151D /* RealRequestsTests.swift */; };
		9488CB1020188C7100D7151D /* NetworkClientMutaterTests.swift in Sources */ = {isa = PBXBuildFile; fileRef = 9488CB0F20188C7100D7151D /* NetworkClientMutaterTests.swift */; };
		94BF3D421FA0A1CA00909B27 /* URLRequest+Description.swift in Sources */ = {isa = PBXBuildFile; fileRef = 94BF3D411FA0A1CA00909B27 /* URLRequest+Description.swift */; };
		94DCCAA8204B7BA7002A8B0B /* RequestStub.swift in Sources */ = {isa = PBXBuildFile; fileRef = 94DCCAA7204B7BA7002A8B0B /* RequestStub.swift */; };
		94DCCAAA204B7BC6002A8B0B /* StubsError.swift in Sources */ = {isa = PBXBuildFile; fileRef = 94DCCAA9204B7BC6002A8B0B /* StubsError.swift */; };
		94E20C9C1F7982F90017D46C /* ValidationTests.swift in Sources */ = {isa = PBXBuildFile; fileRef = 94E20C9B1F7982F90017D46C /* ValidationTests.swift */; };
		94E20C9E1F7982F90017D46C /* Flamingo.framework in Frameworks */ = {isa = PBXBuildFile; fileRef = 8F7CEB971CE9AFCD00D6CCBA /* Flamingo.framework */; };
		94EE07DE1F7976F40095D039 /* Validation.swift in Sources */ = {isa = PBXBuildFile; fileRef = 94EE07DD1F7976F40095D039 /* Validation.swift */; };
		E22833841FA218F5000F479D /* CodableJSONSerializerTestCase.swift in Sources */ = {isa = PBXBuildFile; fileRef = E22833751FA218F4000F479D /* CodableJSONSerializerTestCase.swift */; };
		E22833851FA218F5000F479D /* DataResponseSerializerTestCase.swift in Sources */ = {isa = PBXBuildFile; fileRef = E22833761FA218F4000F479D /* DataResponseSerializerTestCase.swift */; };
		E22833861FA218F5000F479D /* StringResponseSerializerTestCase.swift in Sources */ = {isa = PBXBuildFile; fileRef = E22833771FA218F4000F479D /* StringResponseSerializerTestCase.swift */; };
		E22833871FA218F5000F479D /* ResponseStubTestCase.swift in Sources */ = {isa = PBXBuildFile; fileRef = E22833791FA218F4000F479D /* ResponseStubTestCase.swift */; };
		E22833881FA218F5000F479D /* StubClientFactoryTestCase.swift in Sources */ = {isa = PBXBuildFile; fileRef = E228337A1FA218F4000F479D /* StubClientFactoryTestCase.swift */; };
		E22833891FA218F5000F479D /* StubClientTestCase.swift in Sources */ = {isa = PBXBuildFile; fileRef = E228337B1FA218F4000F479D /* StubClientTestCase.swift */; };
		E228338A1FA218F5000F479D /* StubsList.json in Resources */ = {isa = PBXBuildFile; fileRef = E228337C1FA218F4000F479D /* StubsList.json */; };
		E228338B1FA218F5000F479D /* WrongList.json in Resources */ = {isa = PBXBuildFile; fileRef = E228337D1FA218F4000F479D /* WrongList.json */; };
		E228338C1FA218F5000F479D /* NetworkClientBaseTestCase.swift in Sources */ = {isa = PBXBuildFile; fileRef = E228337F1FA218F4000F479D /* NetworkClientBaseTestCase.swift */; };
		E228338D1FA218F5000F479D /* NetworkClientStubs.swift in Sources */ = {isa = PBXBuildFile; fileRef = E22833801FA218F4000F479D /* NetworkClientStubs.swift */; };
		E228338E1FA218F5000F479D /* NetworkClientTestCase.swift in Sources */ = {isa = PBXBuildFile; fileRef = E22833811FA218F4000F479D /* NetworkClientTestCase.swift */; };
		E228338F1FA218F5000F479D /* ResultTestCase.swift in Sources */ = {isa = PBXBuildFile; fileRef = E22833831FA218F4000F479D /* ResultTestCase.swift */; };
		E22833931FA21904000F479D /* JSONSerializerTestCase.swift in Sources */ = {isa = PBXBuildFile; fileRef = E22833901FA21904000F479D /* JSONSerializerTestCase.swift */; };
		E22833941FA21904000F479D /* URLConvertableTestCase.swift in Sources */ = {isa = PBXBuildFile; fileRef = E22833911FA21904000F479D /* URLConvertableTestCase.swift */; };
		E22833951FA21904000F479D /* JSONParametersEncoderTestCase.swift in Sources */ = {isa = PBXBuildFile; fileRef = E22833921FA21904000F479D /* JSONParametersEncoderTestCase.swift */; };
		E22833971FA21943000F479D /* JSONSerializer.swift in Sources */ = {isa = PBXBuildFile; fileRef = E22833961FA21943000F479D /* JSONSerializer.swift */; };
		E228339B1FA21960000F479D /* StubsManager.swift in Sources */ = {isa = PBXBuildFile; fileRef = E22833991FA21960000F479D /* StubsManager.swift */; };
		E228339C1FA21960000F479D /* StubsManagerFactory.swift in Sources */ = {isa = PBXBuildFile; fileRef = E228339A1FA21960000F479D /* StubsManagerFactory.swift */; };
		E228339E1FA2197C000F479D /* ResponseStub.swift in Sources */ = {isa = PBXBuildFile; fileRef = E228339D1FA2197C000F479D /* ResponseStub.swift */; };
		E22833A01FA2199D000F479D /* StatusCodes.swift in Sources */ = {isa = PBXBuildFile; fileRef = E228339F1FA2199D000F479D /* StatusCodes.swift */; };
		E26F78951F99F7C6007D13D1 /* OptionalProtocol.swift in Sources */ = {isa = PBXBuildFile; fileRef = E26F78941F99F7C6007D13D1 /* OptionalProtocol.swift */; };
		E26F78971F9A06ED007D13D1 /* OptionalProtocolTestCase.swift in Sources */ = {isa = PBXBuildFile; fileRef = E26F78961F9A06ED007D13D1 /* OptionalProtocolTestCase.swift */; };
		E284B6BE1FA21CE0001B2123 /* SimpleLoggerTestCase.swift in Sources */ = {isa = PBXBuildFile; fileRef = E284B6BD1FA21CE0001B2123 /* SimpleLoggerTestCase.swift */; };
		E284B6C01FA21CE5001B2123 /* LoggingClientTestCase.swift in Sources */ = {isa = PBXBuildFile; fileRef = E284B6BF1FA21CE5001B2123 /* LoggingClientTestCase.swift */; };
		E284B6C41FA21D01001B2123 /* LoggingClient.swift in Sources */ = {isa = PBXBuildFile; fileRef = E284B6C11FA21D01001B2123 /* LoggingClient.swift */; };
		E284B6C51FA21D01001B2123 /* SimpleLogger.swift in Sources */ = {isa = PBXBuildFile; fileRef = E284B6C21FA21D01001B2123 /* SimpleLogger.swift */; };
		E284B6C61FA21D01001B2123 /* Logger.swift in Sources */ = {isa = PBXBuildFile; fileRef = E284B6C31FA21D01001B2123 /* Logger.swift */; };
		E2A3E5CD1F9777090085D6D5 /* URLParametersEncoderTestCase.swift in Sources */ = {isa = PBXBuildFile; fileRef = E2A3E5CC1F9777090085D6D5 /* URLParametersEncoderTestCase.swift */; };
		FE80C35D1F6FE5420060141B /* Result.swift in Sources */ = {isa = PBXBuildFile; fileRef = FE80C35B1F6FE4080060141B /* Result.swift */; };
		FE80C35E1F6FE5450060141B /* CancelableOperation.swift in Sources */ = {isa = PBXBuildFile; fileRef = FE80C3531F6FE4080060141B /* CancelableOperation.swift */; };
		FE80C35F1F6FE5470060141B /* NetworkConfiguration.swift in Sources */ = {isa = PBXBuildFile; fileRef = FE80C3591F6FE4080060141B /* NetworkConfiguration.swift */; };
		FE80C3601F6FE5490060141B /* Error.swift in Sources */ = {isa = PBXBuildFile; fileRef = FE80C3541F6FE4080060141B /* Error.swift */; };
		FE80C3611F6FE54B0060141B /* NetworkClient.swift in Sources */ = {isa = PBXBuildFile; fileRef = FE80C3581F6FE4080060141B /* NetworkClient.swift */; };
		FE80C3621F6FE54D0060141B /* NetworkContext.swift in Sources */ = {isa = PBXBuildFile; fileRef = FE80C3561F6FE4080060141B /* NetworkContext.swift */; };
		FE80C3631F6FE54F0060141B /* NetworkRequest.swift in Sources */ = {isa = PBXBuildFile; fileRef = FE80C35C1F6FE4080060141B /* NetworkRequest.swift */; };
		FE80C3641F6FE5510060141B /* ParametersEncoding.swift in Sources */ = {isa = PBXBuildFile; fileRef = FE80C3551F6FE4080060141B /* ParametersEncoding.swift */; };
		FE80C3651F6FE5560060141B /* ResponseSerialization.swift in Sources */ = {isa = PBXBuildFile; fileRef = FE80C35A1F6FE4080060141B /* ResponseSerialization.swift */; };
		FE80C3661F6FE5570060141B /* URLConvertible.swift in Sources */ = {isa = PBXBuildFile; fileRef = FE80C3571F6FE4080060141B /* URLConvertible.swift */; };
/* End PBXBuildFile section */

/* Begin PBXContainerItemProxy section */
		94E20C9F1F7982F90017D46C /* PBXContainerItemProxy */ = {
			isa = PBXContainerItemProxy;
			containerPortal = 8F7CEB8E1CE9AFCD00D6CCBA /* Project object */;
			proxyType = 1;
			remoteGlobalIDString = 8F7CEB961CE9AFCD00D6CCBA;
			remoteInfo = Flamingo;
		};
/* End PBXContainerItemProxy section */

/* Begin PBXFileReference section */
		8F7CEB971CE9AFCD00D6CCBA /* Flamingo.framework */ = {isa = PBXFileReference; explicitFileType = wrapper.framework; includeInIndex = 0; path = Flamingo.framework; sourceTree = BUILT_PRODUCTS_DIR; };
		8F7CEB9A1CE9AFCD00D6CCBA /* Flamingo.h */ = {isa = PBXFileReference; lastKnownFileType = sourcecode.c.h; path = Flamingo.h; sourceTree = "<group>"; };
		8F7CEB9C1CE9AFCD00D6CCBA /* Info.plist */ = {isa = PBXFileReference; lastKnownFileType = text.plist.xml; path = Info.plist; sourceTree = "<group>"; };
		9442635D204B99360053B7F7 /* OfflineCacheManager.swift */ = {isa = PBXFileReference; lastKnownFileType = sourcecode.swift; path = OfflineCacheManager.swift; sourceTree = "<group>"; };
		9442635F204B9C0B0053B7F7 /* OfflineCacheManagerTests.swift */ = {isa = PBXFileReference; lastKnownFileType = sourcecode.swift; path = OfflineCacheManagerTests.swift; sourceTree = "<group>"; };
		9451028020487652006E9070 /* lintRules.yml */ = {isa = PBXFileReference; fileEncoding = 4; lastKnownFileType = text; name = lintRules.yml; path = ../fastlane/lintRules.yml; sourceTree = "<group>"; };
		94650F76204429A20003C8B9 /* Fastfile */ = {isa = PBXFileReference; fileEncoding = 4; lastKnownFileType = text.script.ruby; name = Fastfile; path = ../fastlane/Fastfile; sourceTree = "<group>"; };
		9482F3A72028EFE400812758 /* CodableExtensions.swift */ = {isa = PBXFileReference; fileEncoding = 4; lastKnownFileType = sourcecode.swift; path = CodableExtensions.swift; sourceTree = "<group>"; };
		9482F3A82028EFE400812758 /* RegexCodeableTransformer.swift */ = {isa = PBXFileReference; fileEncoding = 4; lastKnownFileType = sourcecode.swift; path = RegexCodeableTransformer.swift; sourceTree = "<group>"; };
		9482F3A92028EFE400812758 /* DecodingContainerTransformer.swift */ = {isa = PBXFileReference; fileEncoding = 4; lastKnownFileType = sourcecode.swift; path = DecodingContainerTransformer.swift; sourceTree = "<group>"; };
		9488CB03201782F300D7151D /* NetworkClientReporter.swift */ = {isa = PBXFileReference; lastKnownFileType = sourcecode.swift; path = NetworkClientReporter.swift; sourceTree = "<group>"; };
		9488CB052017837600D7151D /* Observers.swift */ = {isa = PBXFileReference; lastKnownFileType = sourcecode.swift; path = Observers.swift; sourceTree = "<group>"; };
		9488CB072017963900D7151D /* NetworkClientReporterCallTests.swift */ = {isa = PBXFileReference; lastKnownFileType = sourcecode.swift; path = NetworkClientReporterCallTests.swift; sourceTree = "<group>"; };
		9488CB092017995000D7151D /* NetworkClientMutater.swift */ = {isa = PBXFileReference; lastKnownFileType = sourcecode.swift; path = NetworkClientMutater.swift; sourceTree = "<group>"; };
		9488CB0D201889EB00D7151D /* RealRequestsTests.swift */ = {isa = PBXFileReference; lastKnownFileType = sourcecode.swift; path = RealRequestsTests.swift; sourceTree = "<group>"; };
		9488CB0F20188C7100D7151D /* NetworkClientMutaterTests.swift */ = {isa = PBXFileReference; lastKnownFileType = sourcecode.swift; path = NetworkClientMutaterTests.swift; sourceTree = "<group>"; };
		94BF3D411FA0A1CA00909B27 /* URLRequest+Description.swift */ = {isa = PBXFileReference; lastKnownFileType = sourcecode.swift; path = "URLRequest+Description.swift"; sourceTree = "<group>"; };
		94DCCAA7204B7BA7002A8B0B /* RequestStub.swift */ = {isa = PBXFileReference; lastKnownFileType = sourcecode.swift; path = RequestStub.swift; sourceTree = "<group>"; };
		94DCCAA9204B7BC6002A8B0B /* StubsError.swift */ = {isa = PBXFileReference; lastKnownFileType = sourcecode.swift; path = StubsError.swift; sourceTree = "<group>"; };
		94E20C991F7982F90017D46C /* FlamingoTests.xctest */ = {isa = PBXFileReference; explicitFileType = wrapper.cfbundle; includeInIndex = 0; path = FlamingoTests.xctest; sourceTree = BUILT_PRODUCTS_DIR; };
		94E20C9B1F7982F90017D46C /* ValidationTests.swift */ = {isa = PBXFileReference; lastKnownFileType = sourcecode.swift; path = ValidationTests.swift; sourceTree = "<group>"; };
		94E20C9D1F7982F90017D46C /* Info.plist */ = {isa = PBXFileReference; lastKnownFileType = text.plist.xml; path = Info.plist; sourceTree = "<group>"; };
		94EE07DD1F7976F40095D039 /* Validation.swift */ = {isa = PBXFileReference; lastKnownFileType = sourcecode.swift; path = Validation.swift; sourceTree = "<group>"; };
		E22833751FA218F4000F479D /* CodableJSONSerializerTestCase.swift */ = {isa = PBXFileReference; fileEncoding = 4; lastKnownFileType = sourcecode.swift; path = CodableJSONSerializerTestCase.swift; sourceTree = "<group>"; };
		E22833761FA218F4000F479D /* DataResponseSerializerTestCase.swift */ = {isa = PBXFileReference; fileEncoding = 4; lastKnownFileType = sourcecode.swift; path = DataResponseSerializerTestCase.swift; sourceTree = "<group>"; };
		E22833771FA218F4000F479D /* StringResponseSerializerTestCase.swift */ = {isa = PBXFileReference; fileEncoding = 4; lastKnownFileType = sourcecode.swift; path = StringResponseSerializerTestCase.swift; sourceTree = "<group>"; };
		E22833791FA218F4000F479D /* ResponseStubTestCase.swift */ = {isa = PBXFileReference; fileEncoding = 4; lastKnownFileType = sourcecode.swift; path = ResponseStubTestCase.swift; sourceTree = "<group>"; };
		E228337A1FA218F4000F479D /* StubClientFactoryTestCase.swift */ = {isa = PBXFileReference; fileEncoding = 4; lastKnownFileType = sourcecode.swift; path = StubClientFactoryTestCase.swift; sourceTree = "<group>"; };
		E228337B1FA218F4000F479D /* StubClientTestCase.swift */ = {isa = PBXFileReference; fileEncoding = 4; lastKnownFileType = sourcecode.swift; path = StubClientTestCase.swift; sourceTree = "<group>"; };
		E228337C1FA218F4000F479D /* StubsList.json */ = {isa = PBXFileReference; fileEncoding = 4; lastKnownFileType = text.json; path = StubsList.json; sourceTree = "<group>"; };
		E228337D1FA218F4000F479D /* WrongList.json */ = {isa = PBXFileReference; fileEncoding = 4; lastKnownFileType = text.json; path = WrongList.json; sourceTree = "<group>"; };
		E228337F1FA218F4000F479D /* NetworkClientBaseTestCase.swift */ = {isa = PBXFileReference; fileEncoding = 4; lastKnownFileType = sourcecode.swift; path = NetworkClientBaseTestCase.swift; sourceTree = "<group>"; };
		E22833801FA218F4000F479D /* NetworkClientStubs.swift */ = {isa = PBXFileReference; fileEncoding = 4; lastKnownFileType = sourcecode.swift; path = NetworkClientStubs.swift; sourceTree = "<group>"; };
		E22833811FA218F4000F479D /* NetworkClientTestCase.swift */ = {isa = PBXFileReference; fileEncoding = 4; lastKnownFileType = sourcecode.swift; path = NetworkClientTestCase.swift; sourceTree = "<group>"; };
		E22833831FA218F4000F479D /* ResultTestCase.swift */ = {isa = PBXFileReference; fileEncoding = 4; lastKnownFileType = sourcecode.swift; path = ResultTestCase.swift; sourceTree = "<group>"; };
		E22833901FA21904000F479D /* JSONSerializerTestCase.swift */ = {isa = PBXFileReference; fileEncoding = 4; lastKnownFileType = sourcecode.swift; path = JSONSerializerTestCase.swift; sourceTree = "<group>"; };
		E22833911FA21904000F479D /* URLConvertableTestCase.swift */ = {isa = PBXFileReference; fileEncoding = 4; lastKnownFileType = sourcecode.swift; path = URLConvertableTestCase.swift; sourceTree = "<group>"; };
		E22833921FA21904000F479D /* JSONParametersEncoderTestCase.swift */ = {isa = PBXFileReference; fileEncoding = 4; lastKnownFileType = sourcecode.swift; path = JSONParametersEncoderTestCase.swift; sourceTree = "<group>"; };
		E22833961FA21943000F479D /* JSONSerializer.swift */ = {isa = PBXFileReference; fileEncoding = 4; lastKnownFileType = sourcecode.swift; path = JSONSerializer.swift; sourceTree = "<group>"; };
		E22833991FA21960000F479D /* StubsManager.swift */ = {isa = PBXFileReference; fileEncoding = 4; lastKnownFileType = sourcecode.swift; path = StubsManager.swift; sourceTree = "<group>"; };
		E228339A1FA21960000F479D /* StubsManagerFactory.swift */ = {isa = PBXFileReference; fileEncoding = 4; lastKnownFileType = sourcecode.swift; path = StubsManagerFactory.swift; sourceTree = "<group>"; };
		E228339D1FA2197C000F479D /* ResponseStub.swift */ = {isa = PBXFileReference; fileEncoding = 4; lastKnownFileType = sourcecode.swift; path = ResponseStub.swift; sourceTree = "<group>"; };
		E228339F1FA2199D000F479D /* StatusCodes.swift */ = {isa = PBXFileReference; fileEncoding = 4; lastKnownFileType = sourcecode.swift; path = StatusCodes.swift; sourceTree = "<group>"; };
		E26F78941F99F7C6007D13D1 /* OptionalProtocol.swift */ = {isa = PBXFileReference; lastKnownFileType = sourcecode.swift; path = OptionalProtocol.swift; sourceTree = "<group>"; };
		E26F78961F9A06ED007D13D1 /* OptionalProtocolTestCase.swift */ = {isa = PBXFileReference; lastKnownFileType = sourcecode.swift; path = OptionalProtocolTestCase.swift; sourceTree = "<group>"; };
		E284B6BD1FA21CE0001B2123 /* SimpleLoggerTestCase.swift */ = {isa = PBXFileReference; fileEncoding = 4; lastKnownFileType = sourcecode.swift; path = SimpleLoggerTestCase.swift; sourceTree = "<group>"; };
		E284B6BF1FA21CE5001B2123 /* LoggingClientTestCase.swift */ = {isa = PBXFileReference; fileEncoding = 4; lastKnownFileType = sourcecode.swift; path = LoggingClientTestCase.swift; sourceTree = "<group>"; };
		E284B6C11FA21D01001B2123 /* LoggingClient.swift */ = {isa = PBXFileReference; fileEncoding = 4; lastKnownFileType = sourcecode.swift; path = LoggingClient.swift; sourceTree = "<group>"; };
		E284B6C21FA21D01001B2123 /* SimpleLogger.swift */ = {isa = PBXFileReference; fileEncoding = 4; lastKnownFileType = sourcecode.swift; path = SimpleLogger.swift; sourceTree = "<group>"; };
		E284B6C31FA21D01001B2123 /* Logger.swift */ = {isa = PBXFileReference; fileEncoding = 4; lastKnownFileType = sourcecode.swift; path = Logger.swift; sourceTree = "<group>"; };
		E2A3E5CC1F9777090085D6D5 /* URLParametersEncoderTestCase.swift */ = {isa = PBXFileReference; lastKnownFileType = sourcecode.swift; path = URLParametersEncoderTestCase.swift; sourceTree = "<group>"; };
		E2BC881B1F7E5124005CA524 /* README.md */ = {isa = PBXFileReference; lastKnownFileType = net.daringfireball.markdown; name = README.md; path = ../README.md; sourceTree = "<group>"; };
		E2BC881D1F7E5124005CA524 /* .gitignore */ = {isa = PBXFileReference; lastKnownFileType = text; name = .gitignore; path = ../.gitignore; sourceTree = "<group>"; };
		E2BC881E1F7E5124005CA524 /* Flamingo.podspec */ = {isa = PBXFileReference; lastKnownFileType = text; name = Flamingo.podspec; path = ../Flamingo.podspec; sourceTree = "<group>"; };
		E2DAC70F1FA1F5BA00793F3E /* .travis.yml */ = {isa = PBXFileReference; lastKnownFileType = text; name = .travis.yml; path = ../.travis.yml; sourceTree = "<group>"; };
		FE80C3531F6FE4080060141B /* CancelableOperation.swift */ = {isa = PBXFileReference; lastKnownFileType = sourcecode.swift; path = CancelableOperation.swift; sourceTree = "<group>"; };
		FE80C3541F6FE4080060141B /* Error.swift */ = {isa = PBXFileReference; lastKnownFileType = sourcecode.swift; path = Error.swift; sourceTree = "<group>"; };
		FE80C3551F6FE4080060141B /* ParametersEncoding.swift */ = {isa = PBXFileReference; lastKnownFileType = sourcecode.swift; path = ParametersEncoding.swift; sourceTree = "<group>"; };
		FE80C3561F6FE4080060141B /* NetworkContext.swift */ = {isa = PBXFileReference; lastKnownFileType = sourcecode.swift; path = NetworkContext.swift; sourceTree = "<group>"; };
		FE80C3571F6FE4080060141B /* URLConvertible.swift */ = {isa = PBXFileReference; lastKnownFileType = sourcecode.swift; path = URLConvertible.swift; sourceTree = "<group>"; };
		FE80C3581F6FE4080060141B /* NetworkClient.swift */ = {isa = PBXFileReference; lastKnownFileType = sourcecode.swift; path = NetworkClient.swift; sourceTree = "<group>"; };
		FE80C3591F6FE4080060141B /* NetworkConfiguration.swift */ = {isa = PBXFileReference; lastKnownFileType = sourcecode.swift; path = NetworkConfiguration.swift; sourceTree = "<group>"; };
		FE80C35A1F6FE4080060141B /* ResponseSerialization.swift */ = {isa = PBXFileReference; lastKnownFileType = sourcecode.swift; path = ResponseSerialization.swift; sourceTree = "<group>"; };
		FE80C35B1F6FE4080060141B /* Result.swift */ = {isa = PBXFileReference; lastKnownFileType = sourcecode.swift; path = Result.swift; sourceTree = "<group>"; };
		FE80C35C1F6FE4080060141B /* NetworkRequest.swift */ = {isa = PBXFileReference; lastKnownFileType = sourcecode.swift; path = NetworkRequest.swift; sourceTree = "<group>"; };
/* End PBXFileReference section */

/* Begin PBXFrameworksBuildPhase section */
		94E20C961F7982F90017D46C /* Frameworks */ = {
			isa = PBXFrameworksBuildPhase;
			buildActionMask = 2147483647;
			files = (
				94E20C9E1F7982F90017D46C /* Flamingo.framework in Frameworks */,
			);
			runOnlyForDeploymentPostprocessing = 0;
		};
/* End PBXFrameworksBuildPhase section */

/* Begin PBXGroup section */
		8F7CEB8D1CE9AFCD00D6CCBA = {
			isa = PBXGroup;
			children = (
				8F7CEB991CE9AFCD00D6CCBA /* Flamingo */,
				94E20C9A1F7982F90017D46C /* FlamingoTests */,
				8F7CEB981CE9AFCD00D6CCBA /* Products */,
				E2BC881A1F7E50E2005CA524 /* Supporting Files */,
			);
			sourceTree = "<group>";
		};
		8F7CEB981CE9AFCD00D6CCBA /* Products */ = {
			isa = PBXGroup;
			children = (
				8F7CEB971CE9AFCD00D6CCBA /* Flamingo.framework */,
				94E20C991F7982F90017D46C /* FlamingoTests.xctest */,
			);
			name = Products;
			sourceTree = "<group>";
		};
		8F7CEB991CE9AFCD00D6CCBA /* Flamingo */ = {
			isa = PBXGroup;
			children = (
				8F7CEB9A1CE9AFCD00D6CCBA /* Flamingo.h */,
				8F7CEB9C1CE9AFCD00D6CCBA /* Info.plist */,
				8F7CEBA21CE9B03F00D6CCBA /* Source */,
			);
			path = Flamingo;
			sourceTree = "<group>";
		};
		8F7CEBA21CE9B03F00D6CCBA /* Source */ = {
			isa = PBXGroup;
			children = (
				9442635C204B99290053B7F7 /* OfflineCache */,
				9482F3A62028EFD500812758 /* CodableExtensions */,
				9488CB02201782B700D7151D /* ClientMiddleware */,
				8F7CEBB91CE9B0C800D6CCBA /* Utils */,
				E284B6C71FA21D25001B2123 /* Logger */,
				FE80C3531F6FE4080060141B /* CancelableOperation.swift */,
				FE80C3541F6FE4080060141B /* Error.swift */,
				FE80C3581F6FE4080060141B /* NetworkClient.swift */,
				FE80C3591F6FE4080060141B /* NetworkConfiguration.swift */,
				FE80C3561F6FE4080060141B /* NetworkContext.swift */,
				FE80C35C1F6FE4080060141B /* NetworkRequest.swift */,
				E26F78941F99F7C6007D13D1 /* OptionalProtocol.swift */,
				FE80C3551F6FE4080060141B /* ParametersEncoding.swift */,
				FE80C35A1F6FE4080060141B /* ResponseSerialization.swift */,
				FE80C35B1F6FE4080060141B /* Result.swift */,
				E228339F1FA2199D000F479D /* StatusCodes.swift */,
				E22833981FA2194F000F479D /* StubClient */,
				FE80C3571F6FE4080060141B /* URLConvertible.swift */,
				94EE07DD1F7976F40095D039 /* Validation.swift */,
			);
			name = Source;
			path = ../../Source;
			sourceTree = "<group>";
		};
		8F7CEBB91CE9B0C800D6CCBA /* Utils */ = {
			isa = PBXGroup;
			children = (
				E22833961FA21943000F479D /* JSONSerializer.swift */,
				94BF3D411FA0A1CA00909B27 /* URLRequest+Description.swift */,
				9488CB052017837600D7151D /* Observers.swift */,
			);
			name = Utils;
			sourceTree = "<group>";
		};
		9442635C204B99290053B7F7 /* OfflineCache */ = {
			isa = PBXGroup;
			children = (
				9442635D204B99360053B7F7 /* OfflineCacheManager.swift */,
			);
			name = OfflineCache;
			sourceTree = "<group>";
		};
		9482F3A62028EFD500812758 /* CodableExtensions */ = {
			isa = PBXGroup;
			children = (
				9482F3A72028EFE400812758 /* CodableExtensions.swift */,
				9482F3A92028EFE400812758 /* DecodingContainerTransformer.swift */,
				9482F3A82028EFE400812758 /* RegexCodeableTransformer.swift */,
			);
			name = CodableExtensions;
			sourceTree = "<group>";
		};
		9488CB02201782B700D7151D /* ClientMiddleware */ = {
			isa = PBXGroup;
			children = (
				9488CB03201782F300D7151D /* NetworkClientReporter.swift */,
				9488CB092017995000D7151D /* NetworkClientMutater.swift */,
			);
			name = ClientMiddleware;
			sourceTree = "<group>";
		};
		94E20C9A1F7982F90017D46C /* FlamingoTests */ = {
			isa = PBXGroup;
			children = (
				E228337E1FA218F4000F479D /* NetworkClient */,
				E22833741FA218F4000F479D /* ResponseSerializers */,
				E22833781FA218F4000F479D /* Stubs */,
				E22833821FA218F4000F479D /* Utils */,
				94E20C9D1F7982F90017D46C /* Info.plist */,
				E22833921FA21904000F479D /* JSONParametersEncoderTestCase.swift */,
				E22833901FA21904000F479D /* JSONSerializerTestCase.swift */,
				E284B6BF1FA21CE5001B2123 /* LoggingClientTestCase.swift */,
				E26F78961F9A06ED007D13D1 /* OptionalProtocolTestCase.swift */,
				E22833911FA21904000F479D /* URLConvertableTestCase.swift */,
				E284B6BD1FA21CE0001B2123 /* SimpleLoggerTestCase.swift */,
				E2A3E5CC1F9777090085D6D5 /* URLParametersEncoderTestCase.swift */,
				94E20C9B1F7982F90017D46C /* ValidationTests.swift */,
				9488CB072017963900D7151D /* NetworkClientReporterCallTests.swift */,
				9488CB0D201889EB00D7151D /* RealRequestsTests.swift */,
				9488CB0F20188C7100D7151D /* NetworkClientMutaterTests.swift */,
				9442635F204B9C0B0053B7F7 /* OfflineCacheManagerTests.swift */,
			);
			path = FlamingoTests;
			sourceTree = "<group>";
		};
		E22833741FA218F4000F479D /* ResponseSerializers */ = {
			isa = PBXGroup;
			children = (
				E22833751FA218F4000F479D /* CodableJSONSerializerTestCase.swift */,
				E22833761FA218F4000F479D /* DataResponseSerializerTestCase.swift */,
				E22833771FA218F4000F479D /* StringResponseSerializerTestCase.swift */,
			);
			path = ResponseSerializers;
			sourceTree = "<group>";
		};
		E22833781FA218F4000F479D /* Stubs */ = {
			isa = PBXGroup;
			children = (
				E22833791FA218F4000F479D /* ResponseStubTestCase.swift */,
				E228337A1FA218F4000F479D /* StubClientFactoryTestCase.swift */,
				E228337B1FA218F4000F479D /* StubClientTestCase.swift */,
				E228337C1FA218F4000F479D /* StubsList.json */,
				E228337D1FA218F4000F479D /* WrongList.json */,
			);
			path = Stubs;
			sourceTree = "<group>";
		};
		E228337E1FA218F4000F479D /* NetworkClient */ = {
			isa = PBXGroup;
			children = (
				E228337F1FA218F4000F479D /* NetworkClientBaseTestCase.swift */,
				E22833801FA218F4000F479D /* NetworkClientStubs.swift */,
				E22833811FA218F4000F479D /* NetworkClientTestCase.swift */,
			);
			path = NetworkClient;
			sourceTree = "<group>";
		};
		E22833821FA218F4000F479D /* Utils */ = {
			isa = PBXGroup;
			children = (
				E22833831FA218F4000F479D /* ResultTestCase.swift */,
			);
			path = Utils;
			sourceTree = "<group>";
		};
		E22833981FA2194F000F479D /* StubClient */ = {
			isa = PBXGroup;
			children = (
				94DCCAA7204B7BA7002A8B0B /* RequestStub.swift */,
				E228339D1FA2197C000F479D /* ResponseStub.swift */,
				E228339A1FA21960000F479D /* StubsManagerFactory.swift */,
				E22833991FA21960000F479D /* StubsManager.swift */,
				94DCCAA9204B7BC6002A8B0B /* StubsError.swift */,
			);
			name = StubClient;
			sourceTree = "<group>";
		};
		E284B6C71FA21D25001B2123 /* Logger */ = {
			isa = PBXGroup;
			children = (
				E284B6C31FA21D01001B2123 /* Logger.swift */,
				E284B6C11FA21D01001B2123 /* LoggingClient.swift */,
				E284B6C21FA21D01001B2123 /* SimpleLogger.swift */,
			);
			name = Logger;
			sourceTree = "<group>";
		};
		E2BC881A1F7E50E2005CA524 /* Supporting Files */ = {
			isa = PBXGroup;
			children = (
				9451028020487652006E9070 /* lintRules.yml */,
				94650F76204429A20003C8B9 /* Fastfile */,
				E2BC881D1F7E5124005CA524 /* .gitignore */,
				E2DAC70F1FA1F5BA00793F3E /* .travis.yml */,
				E2BC881E1F7E5124005CA524 /* Flamingo.podspec */,
				E2BC881B1F7E5124005CA524 /* README.md */,
			);
			name = "Supporting Files";
			path = "../Supporting Files";
			sourceTree = "<group>";
		};
/* End PBXGroup section */

/* Begin PBXHeadersBuildPhase section */
		8F7CEB941CE9AFCD00D6CCBA /* Headers */ = {
			isa = PBXHeadersBuildPhase;
			buildActionMask = 2147483647;
			files = (
				8F7CEB9B1CE9AFCD00D6CCBA /* Flamingo.h in Headers */,
			);
			runOnlyForDeploymentPostprocessing = 0;
		};
/* End PBXHeadersBuildPhase section */

/* Begin PBXNativeTarget section */
		8F7CEB961CE9AFCD00D6CCBA /* Flamingo */ = {
			isa = PBXNativeTarget;
			buildConfigurationList = 8F7CEB9F1CE9AFCD00D6CCBA /* Build configuration list for PBXNativeTarget "Flamingo" */;
			buildPhases = (
				8F7CEB921CE9AFCD00D6CCBA /* Sources */,
				8F7CEB941CE9AFCD00D6CCBA /* Headers */,
				8F7CEB951CE9AFCD00D6CCBA /* Resources */,
				E2BC881F1F7E5319005CA524 /* ShellScript */,
			);
			buildRules = (
			);
			dependencies = (
			);
			name = Flamingo;
			productName = Flamingo;
			productReference = 8F7CEB971CE9AFCD00D6CCBA /* Flamingo.framework */;
			productType = "com.apple.product-type.framework";
		};
		94E20C981F7982F90017D46C /* FlamingoTests */ = {
			isa = PBXNativeTarget;
			buildConfigurationList = 94E20CA31F7982F90017D46C /* Build configuration list for PBXNativeTarget "FlamingoTests" */;
			buildPhases = (
				94E20C951F7982F90017D46C /* Sources */,
				94E20C961F7982F90017D46C /* Frameworks */,
				94E20C971F7982F90017D46C /* Resources */,
			);
			buildRules = (
			);
			dependencies = (
				94E20CA01F7982F90017D46C /* PBXTargetDependency */,
			);
			name = FlamingoTests;
			productName = FlamingoTests;
			productReference = 94E20C991F7982F90017D46C /* FlamingoTests.xctest */;
			productType = "com.apple.product-type.bundle.unit-test";
		};
/* End PBXNativeTarget section */

/* Begin PBXProject section */
		8F7CEB8E1CE9AFCD00D6CCBA /* Project object */ = {
			isa = PBXProject;
			attributes = {
				LastSwiftUpdateCheck = 0900;
				LastUpgradeCheck = 0900;
				ORGANIZATIONNAME = ELN;
				TargetAttributes = {
					8F7CEB961CE9AFCD00D6CCBA = {
						CreatedOnToolsVersion = 7.3;
						LastSwiftMigration = "";
					};
					94E20C981F7982F90017D46C = {
						CreatedOnToolsVersion = 9.0;
						DevelopmentTeam = 53D4KU38PZ;
						ProvisioningStyle = Automatic;
					};
				};
			};
			buildConfigurationList = 8F7CEB911CE9AFCD00D6CCBA /* Build configuration list for PBXProject "Flamingo" */;
			compatibilityVersion = "Xcode 3.2";
			developmentRegion = English;
			hasScannedForEncodings = 0;
			knownRegions = (
				en,
			);
			mainGroup = 8F7CEB8D1CE9AFCD00D6CCBA;
			productRefGroup = 8F7CEB981CE9AFCD00D6CCBA /* Products */;
			projectDirPath = "";
			projectRoot = "";
			targets = (
				8F7CEB961CE9AFCD00D6CCBA /* Flamingo */,
				94E20C981F7982F90017D46C /* FlamingoTests */,
			);
		};
/* End PBXProject section */

/* Begin PBXResourcesBuildPhase section */
		8F7CEB951CE9AFCD00D6CCBA /* Resources */ = {
			isa = PBXResourcesBuildPhase;
			buildActionMask = 2147483647;
			files = (
				94650F77204429A20003C8B9 /* Fastfile in Resources */,
				9451028120487652006E9070 /* lintRules.yml in Resources */,
			);
			runOnlyForDeploymentPostprocessing = 0;
		};
		94E20C971F7982F90017D46C /* Resources */ = {
			isa = PBXResourcesBuildPhase;
			buildActionMask = 2147483647;
			files = (
				E228338A1FA218F5000F479D /* StubsList.json in Resources */,
				E228338B1FA218F5000F479D /* WrongList.json in Resources */,
			);
			runOnlyForDeploymentPostprocessing = 0;
		};
/* End PBXResourcesBuildPhase section */

/* Begin PBXShellScriptBuildPhase section */
		E2BC881F1F7E5319005CA524 /* ShellScript */ = {
			isa = PBXShellScriptBuildPhase;
			buildActionMask = 2147483647;
			files = (
			);
			inputPaths = (
			);
			outputPaths = (
			);
			runOnlyForDeploymentPostprocessing = 0;
			shellPath = /bin/sh;
			shellScript = "if which swiftlint >/dev/null; then\n    swiftlint --config ../fastlane/lintRules.yml\nelse\necho \"warning: SwiftLint not installed, download from https://github.com/realm/SwiftLint\"\nfi";
		};
/* End PBXShellScriptBuildPhase section */

/* Begin PBXSourcesBuildPhase section */
		8F7CEB921CE9AFCD00D6CCBA /* Sources */ = {
			isa = PBXSourcesBuildPhase;
			buildActionMask = 2147483647;
			files = (
				9488CB0A2017995000D7151D /* NetworkClientMutater.swift in Sources */,
				FE80C3631F6FE54F0060141B /* NetworkRequest.swift in Sources */,
				E228339C1FA21960000F479D /* StubsManagerFactory.swift in Sources */,
				E22833A01FA2199D000F479D /* StatusCodes.swift in Sources */,
				FE80C3601F6FE5490060141B /* Error.swift in Sources */,
				94DCCAAA204B7BC6002A8B0B /* StubsError.swift in Sources */,
				94EE07DE1F7976F40095D039 /* Validation.swift in Sources */,
				9488CB062017837600D7151D /* Observers.swift in Sources */,
				FE80C3611F6FE54B0060141B /* NetworkClient.swift in Sources */,
				FE80C3621F6FE54D0060141B /* NetworkContext.swift in Sources */,
				FE80C3651F6FE5560060141B /* ResponseSerialization.swift in Sources */,
				9482F3AB2028EFE400812758 /* RegexCodeableTransformer.swift in Sources */,
				9488CB04201782F300D7151D /* NetworkClientReporter.swift in Sources */,
				94BF3D421FA0A1CA00909B27 /* URLRequest+Description.swift in Sources */,
				E284B6C61FA21D01001B2123 /* Logger.swift in Sources */,
				E26F78951F99F7C6007D13D1 /* OptionalProtocol.swift in Sources */,
				9482F3AA2028EFE400812758 /* CodableExtensions.swift in Sources */,
				E284B6C41FA21D01001B2123 /* LoggingClient.swift in Sources */,
				FE80C35D1F6FE5420060141B /* Result.swift in Sources */,
				E22833971FA21943000F479D /* JSONSerializer.swift in Sources */,
				94DCCAA8204B7BA7002A8B0B /* RequestStub.swift in Sources */,
				FE80C35E1F6FE5450060141B /* CancelableOperation.swift in Sources */,
				9442635E204B99360053B7F7 /* OfflineCacheManager.swift in Sources */,
				FE80C3641F6FE5510060141B /* ParametersEncoding.swift in Sources */,
				E228339E1FA2197C000F479D /* ResponseStub.swift in Sources */,
				9482F3AC2028EFE400812758 /* DecodingContainerTransformer.swift in Sources */,
				FE80C35F1F6FE5470060141B /* NetworkConfiguration.swift in Sources */,
				E228339B1FA21960000F479D /* StubsManager.swift in Sources */,
				FE80C3661F6FE5570060141B /* URLConvertible.swift in Sources */,
				E284B6C51FA21D01001B2123 /* SimpleLogger.swift in Sources */,
			);
			runOnlyForDeploymentPostprocessing = 0;
		};
		94E20C951F7982F90017D46C /* Sources */ = {
			isa = PBXSourcesBuildPhase;
			buildActionMask = 2147483647;
			files = (
				E22833871FA218F5000F479D /* ResponseStubTestCase.swift in Sources */,
				E22833851FA218F5000F479D /* DataResponseSerializerTestCase.swift in Sources */,
				E228338F1FA218F5000F479D /* ResultTestCase.swift in Sources */,
				E22833931FA21904000F479D /* JSONSerializerTestCase.swift in Sources */,
				E22833841FA218F5000F479D /* CodableJSONSerializerTestCase.swift in Sources */,
				E22833881FA218F5000F479D /* StubClientFactoryTestCase.swift in Sources */,
				E228338C1FA218F5000F479D /* NetworkClientBaseTestCase.swift in Sources */,
				9488CB1020188C7100D7151D /* NetworkClientMutaterTests.swift in Sources */,
				E26F78971F9A06ED007D13D1 /* OptionalProtocolTestCase.swift in Sources */,
				E22833951FA21904000F479D /* JSONParametersEncoderTestCase.swift in Sources */,
				E22833861FA218F5000F479D /* StringResponseSerializerTestCase.swift in Sources */,
				E22833941FA21904000F479D /* URLConvertableTestCase.swift in Sources */,
				E228338E1FA218F5000F479D /* NetworkClientTestCase.swift in Sources */,
				E2A3E5CD1F9777090085D6D5 /* URLParametersEncoderTestCase.swift in Sources */,
				E22833891FA218F5000F479D /* StubClientTestCase.swift in Sources */,
				E228338D1FA218F5000F479D /* NetworkClientStubs.swift in Sources */,
				94426360204B9C0B0053B7F7 /* OfflineCacheManagerTests.swift in Sources */,
				9488CB082017963900D7151D /* NetworkClientReporterCallTests.swift in Sources */,
				94E20C9C1F7982F90017D46C /* ValidationTests.swift in Sources */,
				9488CB0E201889EB00D7151D /* RealRequestsTests.swift in Sources */,
				E284B6BE1FA21CE0001B2123 /* SimpleLoggerTestCase.swift in Sources */,
				E284B6C01FA21CE5001B2123 /* LoggingClientTestCase.swift in Sources */,
			);
			runOnlyForDeploymentPostprocessing = 0;
		};
/* End PBXSourcesBuildPhase section */

/* Begin PBXTargetDependency section */
		94E20CA01F7982F90017D46C /* PBXTargetDependency */ = {
			isa = PBXTargetDependency;
			target = 8F7CEB961CE9AFCD00D6CCBA /* Flamingo */;
			targetProxy = 94E20C9F1F7982F90017D46C /* PBXContainerItemProxy */;
		};
/* End PBXTargetDependency section */

/* Begin XCBuildConfiguration section */
		8F7CEB9D1CE9AFCD00D6CCBA /* Debug */ = {
			isa = XCBuildConfiguration;
			buildSettings = {
				ALWAYS_SEARCH_USER_PATHS = NO;
				CLANG_ANALYZER_NONNULL = YES;
				CLANG_CXX_LANGUAGE_STANDARD = "gnu++0x";
				CLANG_CXX_LIBRARY = "libc++";
				CLANG_ENABLE_MODULES = YES;
				CLANG_ENABLE_OBJC_ARC = YES;
				CLANG_WARN_BLOCK_CAPTURE_AUTORELEASING = YES;
				CLANG_WARN_BOOL_CONVERSION = YES;
				CLANG_WARN_COMMA = YES;
				CLANG_WARN_CONSTANT_CONVERSION = YES;
				CLANG_WARN_DIRECT_OBJC_ISA_USAGE = YES_ERROR;
				CLANG_WARN_EMPTY_BODY = YES;
				CLANG_WARN_ENUM_CONVERSION = YES;
				CLANG_WARN_INFINITE_RECURSION = YES;
				CLANG_WARN_INT_CONVERSION = YES;
				CLANG_WARN_NON_LITERAL_NULL_CONVERSION = YES;
				CLANG_WARN_OBJC_LITERAL_CONVERSION = YES;
				CLANG_WARN_OBJC_ROOT_CLASS = YES_ERROR;
				CLANG_WARN_RANGE_LOOP_ANALYSIS = YES;
				CLANG_WARN_STRICT_PROTOTYPES = YES;
				CLANG_WARN_SUSPICIOUS_MOVE = YES;
				CLANG_WARN_UNREACHABLE_CODE = YES;
				CLANG_WARN__DUPLICATE_METHOD_MATCH = YES;
				"CODE_SIGN_IDENTITY[sdk=iphoneos*]" = "iPhone Developer";
				COPY_PHASE_STRIP = NO;
				CURRENT_PROJECT_VERSION = 1;
				DEBUG_INFORMATION_FORMAT = dwarf;
				ENABLE_STRICT_OBJC_MSGSEND = YES;
				ENABLE_TESTABILITY = YES;
				GCC_C_LANGUAGE_STANDARD = gnu99;
				GCC_DYNAMIC_NO_PIC = NO;
				GCC_NO_COMMON_BLOCKS = YES;
				GCC_OPTIMIZATION_LEVEL = 0;
				GCC_PREPROCESSOR_DEFINITIONS = (
					"DEBUG=1",
					"$(inherited)",
				);
				GCC_WARN_64_TO_32_BIT_CONVERSION = YES;
				GCC_WARN_ABOUT_RETURN_TYPE = YES_ERROR;
				GCC_WARN_UNDECLARED_SELECTOR = YES;
				GCC_WARN_UNINITIALIZED_AUTOS = YES_AGGRESSIVE;
				GCC_WARN_UNUSED_FUNCTION = YES;
				GCC_WARN_UNUSED_VARIABLE = YES;
				IPHONEOS_DEPLOYMENT_TARGET = 9.0;
				MTL_ENABLE_DEBUG_INFO = YES;
				ONLY_ACTIVE_ARCH = YES;
				SDKROOT = iphoneos;
				SWIFT_OPTIMIZATION_LEVEL = "-Onone";
				TARGETED_DEVICE_FAMILY = "1,2";
				VERSIONING_SYSTEM = "apple-generic";
				VERSION_INFO_PREFIX = "";
			};
			name = Debug;
		};
		8F7CEB9E1CE9AFCD00D6CCBA /* Release */ = {
			isa = XCBuildConfiguration;
			buildSettings = {
				ALWAYS_SEARCH_USER_PATHS = NO;
				CLANG_ANALYZER_NONNULL = YES;
				CLANG_CXX_LANGUAGE_STANDARD = "gnu++0x";
				CLANG_CXX_LIBRARY = "libc++";
				CLANG_ENABLE_MODULES = YES;
				CLANG_ENABLE_OBJC_ARC = YES;
				CLANG_WARN_BLOCK_CAPTURE_AUTORELEASING = YES;
				CLANG_WARN_BOOL_CONVERSION = YES;
				CLANG_WARN_COMMA = YES;
				CLANG_WARN_CONSTANT_CONVERSION = YES;
				CLANG_WARN_DIRECT_OBJC_ISA_USAGE = YES_ERROR;
				CLANG_WARN_EMPTY_BODY = YES;
				CLANG_WARN_ENUM_CONVERSION = YES;
				CLANG_WARN_INFINITE_RECURSION = YES;
				CLANG_WARN_INT_CONVERSION = YES;
				CLANG_WARN_NON_LITERAL_NULL_CONVERSION = YES;
				CLANG_WARN_OBJC_LITERAL_CONVERSION = YES;
				CLANG_WARN_OBJC_ROOT_CLASS = YES_ERROR;
				CLANG_WARN_RANGE_LOOP_ANALYSIS = YES;
				CLANG_WARN_STRICT_PROTOTYPES = YES;
				CLANG_WARN_SUSPICIOUS_MOVE = YES;
				CLANG_WARN_UNREACHABLE_CODE = YES;
				CLANG_WARN__DUPLICATE_METHOD_MATCH = YES;
				"CODE_SIGN_IDENTITY[sdk=iphoneos*]" = "iPhone Developer";
				COPY_PHASE_STRIP = NO;
				CURRENT_PROJECT_VERSION = 1;
				DEBUG_INFORMATION_FORMAT = "dwarf-with-dsym";
				ENABLE_NS_ASSERTIONS = NO;
				ENABLE_STRICT_OBJC_MSGSEND = YES;
				GCC_C_LANGUAGE_STANDARD = gnu99;
				GCC_NO_COMMON_BLOCKS = YES;
				GCC_WARN_64_TO_32_BIT_CONVERSION = YES;
				GCC_WARN_ABOUT_RETURN_TYPE = YES_ERROR;
				GCC_WARN_UNDECLARED_SELECTOR = YES;
				GCC_WARN_UNINITIALIZED_AUTOS = YES_AGGRESSIVE;
				GCC_WARN_UNUSED_FUNCTION = YES;
				GCC_WARN_UNUSED_VARIABLE = YES;
				IPHONEOS_DEPLOYMENT_TARGET = 9.0;
				MTL_ENABLE_DEBUG_INFO = NO;
				SDKROOT = iphoneos;
				SWIFT_OPTIMIZATION_LEVEL = "-Owholemodule";
				TARGETED_DEVICE_FAMILY = "1,2";
				VALIDATE_PRODUCT = YES;
				VERSIONING_SYSTEM = "apple-generic";
				VERSION_INFO_PREFIX = "";
			};
			name = Release;
		};
		8F7CEBA01CE9AFCD00D6CCBA /* Debug */ = {
			isa = XCBuildConfiguration;
			buildSettings = {
				CLANG_ENABLE_MODULES = YES;
				"CODE_SIGN_IDENTITY[sdk=iphoneos*]" = "";
				DEFINES_MODULE = YES;
				DYLIB_COMPATIBILITY_VERSION = 1;
				DYLIB_CURRENT_VERSION = 1;
				DYLIB_INSTALL_NAME_BASE = "@rpath";
				INFOPLIST_FILE = Flamingo/Info.plist;
				INSTALL_PATH = "$(LOCAL_LIBRARY_DIR)/Frameworks";
				IPHONEOS_DEPLOYMENT_TARGET = 9.0;
				LD_RUNPATH_SEARCH_PATHS = "$(inherited) @executable_path/Frameworks @loader_path/Frameworks";
				PRODUCT_BUNDLE_IDENTIFIER = "com.e-legion.flamingo";
				PRODUCT_NAME = "$(TARGET_NAME)";
				SKIP_INSTALL = YES;
				SWIFT_OPTIMIZATION_LEVEL = "-Onone";
				SWIFT_SWIFT3_OBJC_INFERENCE = Default;
				SWIFT_VERSION = 4.0;
			};
			name = Debug;
		};
		8F7CEBA11CE9AFCD00D6CCBA /* Release */ = {
			isa = XCBuildConfiguration;
			buildSettings = {
				CLANG_ENABLE_MODULES = YES;
				"CODE_SIGN_IDENTITY[sdk=iphoneos*]" = "";
				DEFINES_MODULE = YES;
				DYLIB_COMPATIBILITY_VERSION = 1;
				DYLIB_CURRENT_VERSION = 1;
				DYLIB_INSTALL_NAME_BASE = "@rpath";
				INFOPLIST_FILE = Flamingo/Info.plist;
				INSTALL_PATH = "$(LOCAL_LIBRARY_DIR)/Frameworks";
				IPHONEOS_DEPLOYMENT_TARGET = 9.0;
				LD_RUNPATH_SEARCH_PATHS = "$(inherited) @executable_path/Frameworks @loader_path/Frameworks";
				PRODUCT_BUNDLE_IDENTIFIER = "com.e-legion.flamingo";
				PRODUCT_NAME = "$(TARGET_NAME)";
				SKIP_INSTALL = YES;
				SWIFT_SWIFT3_OBJC_INFERENCE = Default;
				SWIFT_VERSION = 4.0;
			};
			name = Release;
		};
		94E20CA11F7982F90017D46C /* Debug */ = {
			isa = XCBuildConfiguration;
			buildSettings = {
				CLANG_ANALYZER_NUMBER_OBJECT_CONVERSION = YES_AGGRESSIVE;
				CLANG_CXX_LANGUAGE_STANDARD = "gnu++14";
				CLANG_WARN_BLOCK_CAPTURE_AUTORELEASING = YES;
				CLANG_WARN_COMMA = YES;
				CLANG_WARN_DOCUMENTATION_COMMENTS = YES;
				CLANG_WARN_NON_LITERAL_NULL_CONVERSION = YES;
				CLANG_WARN_OBJC_LITERAL_CONVERSION = YES;
				CLANG_WARN_RANGE_LOOP_ANALYSIS = YES;
				CLANG_WARN_STRICT_PROTOTYPES = YES;
				CLANG_WARN_UNGUARDED_AVAILABILITY = YES_AGGRESSIVE;
				CODE_SIGN_IDENTITY = "iPhone Developer";
				CODE_SIGN_STYLE = Automatic;
				DEVELOPMENT_TEAM = 53D4KU38PZ;
				GCC_C_LANGUAGE_STANDARD = gnu11;
				INFOPLIST_FILE = FlamingoTests/Info.plist;
				IPHONEOS_DEPLOYMENT_TARGET = 11.0;
				LD_RUNPATH_SEARCH_PATHS = "$(inherited) @executable_path/Frameworks @loader_path/Frameworks";
				PRODUCT_BUNDLE_IDENTIFIER = org.elegion.FlamingoTests;
				PRODUCT_NAME = "$(TARGET_NAME)";
				SWIFT_ACTIVE_COMPILATION_CONDITIONS = DEBUG;
				SWIFT_VERSION = 4.0;
				TARGETED_DEVICE_FAMILY = "1,2";
			};
			name = Debug;
		};
		94E20CA21F7982F90017D46C /* Release */ = {
			isa = XCBuildConfiguration;
			buildSettings = {
				CLANG_ANALYZER_NUMBER_OBJECT_CONVERSION = YES_AGGRESSIVE;
				CLANG_CXX_LANGUAGE_STANDARD = "gnu++14";
				CLANG_WARN_BLOCK_CAPTURE_AUTORELEASING = YES;
				CLANG_WARN_COMMA = YES;
				CLANG_WARN_DOCUMENTATION_COMMENTS = YES;
				CLANG_WARN_NON_LITERAL_NULL_CONVERSION = YES;
				CLANG_WARN_OBJC_LITERAL_CONVERSION = YES;
				CLANG_WARN_RANGE_LOOP_ANALYSIS = YES;
				CLANG_WARN_STRICT_PROTOTYPES = YES;
				CLANG_WARN_UNGUARDED_AVAILABILITY = YES_AGGRESSIVE;
				CODE_SIGN_IDENTITY = "iPhone Developer";
				CODE_SIGN_STYLE = Automatic;
				DEVELOPMENT_TEAM = 53D4KU38PZ;
				GCC_C_LANGUAGE_STANDARD = gnu11;
				INFOPLIST_FILE = FlamingoTests/Info.plist;
				IPHONEOS_DEPLOYMENT_TARGET = 11.0;
				LD_RUNPATH_SEARCH_PATHS = "$(inherited) @executable_path/Frameworks @loader_path/Frameworks";
				PRODUCT_BUNDLE_IDENTIFIER = org.elegion.FlamingoTests;
				PRODUCT_NAME = "$(TARGET_NAME)";
				SWIFT_VERSION = 4.0;
				TARGETED_DEVICE_FAMILY = "1,2";
			};
			name = Release;
		};
/* End XCBuildConfiguration section */

/* Begin XCConfigurationList section */
		8F7CEB911CE9AFCD00D6CCBA /* Build configuration list for PBXProject "Flamingo" */ = {
			isa = XCConfigurationList;
			buildConfigurations = (
				8F7CEB9D1CE9AFCD00D6CCBA /* Debug */,
				8F7CEB9E1CE9AFCD00D6CCBA /* Release */,
			);
			defaultConfigurationIsVisible = 0;
			defaultConfigurationName = Release;
		};
		8F7CEB9F1CE9AFCD00D6CCBA /* Build configuration list for PBXNativeTarget "Flamingo" */ = {
			isa = XCConfigurationList;
			buildConfigurations = (
				8F7CEBA01CE9AFCD00D6CCBA /* Debug */,
				8F7CEBA11CE9AFCD00D6CCBA /* Release */,
			);
			defaultConfigurationIsVisible = 0;
			defaultConfigurationName = Release;
		};
		94E20CA31F7982F90017D46C /* Build configuration list for PBXNativeTarget "FlamingoTests" */ = {
			isa = XCConfigurationList;
			buildConfigurations = (
				94E20CA11F7982F90017D46C /* Debug */,
				94E20CA21F7982F90017D46C /* Release */,
			);
			defaultConfigurationIsVisible = 0;
			defaultConfigurationName = Release;
		};
/* End XCConfigurationList section */
	};
	rootObject = 8F7CEB8E1CE9AFCD00D6CCBA /* Project object */;
}
