PODS:
  - Alamofire (3.4.2)
  - AlamofireImage (2.4.1):
    - Alamofire (~> 3.3)
  - Cache (1.5.1):
    - CryptoSwift
  - CryptoSwift (0.5.2)
  - Fakery (1.2.0):
    - SwiftyJSON
  - Flamingo (0.1.2):
    - Alamofire (~> 3.4.2)
    - Cache (~> 1.5.1)
    - ObjectMapper (~> 1.4.0)
  - ObjectMapper (1.4.0)
  - SwiftyJSON (2.3.2)

DEPENDENCIES:
  - AlamofireImage (~> 2.4.0)
  - Fakery (~> 1.2.0)
  - Flamingo (from `../`)

EXTERNAL SOURCES:
  Flamingo:
    :path: ../

SPEC CHECKSUMS:
  Alamofire: 6aa33201d20d069e1598891cf928883ff1888c7a
  AlamofireImage: 3ccf3347d9ea24580dc11fb892770a0be6a29826
  Cache: 87b48b059429d3b53238533830c53941f8aa85f0
  CryptoSwift: c1ef79f901b86099a6fe8b3c7524cf9f3f3c8c40
  Fakery: ff6a27c3688a05c055d3e64c5fa9d78684796749
  Flamingo: db9e79d45bd63bf1a0ad89bcfdc107b5942cbe4c
  ObjectMapper: a07ad0462c5adf014adc0f89ef04c29b626e855e
  SwiftyJSON: 04ccea08915aa0109039157c7974cf0298da292a

PODFILE CHECKSUM: b0ac2c23ac6099ba25fefc621a08328f9ba3edea

COCOAPODS: 1.0.1
